{
  "name": "tracker",
  "version": "1.0.0",
  "lockfileVersion": 1,
  "requires": true,
  "dependencies": {
    "satellite.js": {
      "version": "4.1.3",
      "resolved": "https://registry.npmjs.org/satellite.js/-/satellite.js-4.1.3.tgz",
      "integrity": "sha512-l65XHxmT4n31DSGQy/jnu/sLfKn42g862h1p9NyalOEYCpEsplFAqUIT4+euK0AByizZML2Zkjbl0HWI79KC0A=="
    },
    "tle.js": {
      "version": "4.2.8",
      "resolved": "https://registry.npmjs.org/tle.js/-/tle.js-4.2.8.tgz",
      "integrity": "sha512-dS8ovgslTtVc1AtkXOPgCukMdGci+yMnJEb9ogn8cO0CB7oO5C0R0jGFdWagAyh65iEtKY1w1QcqXTcdp/lryg==",
      "requires": {
        "satellite.js": "^4.1.3"
      }
    }
  }
}
